
Microsoft Visual Studio Solution File, Format Version 12.00
# Visual Studio Version 16
VisualStudioVersion = 16.0.29806.167
MinimumVisualStudioVersion = 10.0.40219.1
Project("{9A19103F-16F7-4668-BE54-9A1E7A4F7556}") = "ManagerWeb", "ManagerWeb\ManagerWeb.csproj", "{5574B6FB-FE55-427B-941E-B2331F2306FE}"
EndProject
Project("{9A19103F-16F7-4668-BE54-9A1E7A4F7556}") = "Solo.Model", "Solo.Model\Solo.Model.csproj", "{DD3A4660-1290-41D3-836F-829C02E5F8A4}"
EndProject
Project("{9A19103F-16F7-4668-BE54-9A1E7A4F7556}") = "Solo.BLL", "Solo.BLL\Solo.BLL.csproj", "{714B3E9B-D9C9-447B-9736-EF4985BFCC4D}"
EndProject
Project("{9A19103F-16F7-4668-BE54-9A1E7A4F7556}") = "Solo.Common", "Solo.Common\Solo.Common.csproj", "{97246AF0-1420-42CF-BADF-B4B750802C6C}"
EndProject
Project("{9A19103F-16F7-4668-BE54-9A1E7A4F7556}") = "XLS2MSSQL", "XLS2MSSQL\XLS2MSSQL.csproj", "{934E1500-7E92-43ED-853E-49C5478B436E}"
EndProject
Global
	GlobalSection(SolutionConfigurationPlatforms) = preSolution
		Debug|Any CPU = Debug|Any CPU
		Release|Any CPU = Release|Any CPU
	EndGlobalSection
	GlobalSection(ProjectConfigurationPlatforms) = postSolution
		{5574B6FB-FE55-427B-941E-B2331F2306FE}.Debug|Any CPU.ActiveCfg = Debug|Any CPU
		{5574B6FB-FE55-427B-941E-B2331F2306FE}.Debug|Any CPU.Build.0 = Debug|Any CPU
		{5574B6FB-FE55-427B-941E-B2331F2306FE}.Release|Any CPU.ActiveCfg = Release|Any CPU
		{5574B6FB-FE55-427B-941E-B2331F2306FE}.Release|Any CPU.Build.0 = Release|Any CPU
		{DD3A4660-1290-41D3-836F-829C02E5F8A4}.Debug|Any CPU.ActiveCfg = Debug|Any CPU
		{DD3A4660-1290-41D3-836F-829C02E5F8A4}.Debug|Any CPU.Build.0 = Debug|Any CPU
		{DD3A4660-1290-41D3-836F-829C02E5F8A4}.Release|Any CPU.ActiveCfg = Release|Any CPU
		{DD3A4660-1290-41D3-836F-829C02E5F8A4}.Release|Any CPU.Build.0 = Release|Any CPU
		{714B3E9B-D9C9-447B-9736-EF4985BFCC4D}.Debug|Any CPU.ActiveCfg = Debug|Any CPU
		{714B3E9B-D9C9-447B-9736-EF4985BFCC4D}.Debug|Any CPU.Build.0 = Debug|Any CPU
		{714B3E9B-D9C9-447B-9736-EF4985BFCC4D}.Release|Any CPU.ActiveCfg = Release|Any CPU
		{714B3E9B-D9C9-447B-9736-EF4985BFCC4D}.Release|Any CPU.Build.0 = Release|Any CPU
		{97246AF0-1420-42CF-BADF-B4B750802C6C}.Debug|Any CPU.ActiveCfg = Debug|Any CPU
		{97246AF0-1420-42CF-BADF-B4B750802C6C}.Debug|Any CPU.Build.0 = Debug|Any CPU
		{97246AF0-1420-42CF-BADF-B4B750802C6C}.Release|Any CPU.ActiveCfg = Release|Any CPU
		{97246AF0-1420-42CF-BADF-B4B750802C6C}.Release|Any CPU.Build.0 = Release|Any CPU
		{934E1500-7E92-43ED-853E-49C5478B436E}.Debug|Any CPU.ActiveCfg = Debug|Any CPU
		{934E1500-7E92-43ED-853E-49C5478B436E}.Debug|Any CPU.Build.0 = Debug|Any CPU
		{934E1500-7E92-43ED-853E-49C5478B436E}.Release|Any CPU.ActiveCfg = Release|Any CPU
		{934E1500-7E92-43ED-853E-49C5478B436E}.Release|Any CPU.Build.0 = Release|Any CPU
	EndGlobalSection
	GlobalSection(SolutionProperties) = preSolution
		HideSolutionNode = FALSE
	EndGlobalSection
	GlobalSection(ExtensibilityGlobals) = postSolution
		SolutionGuid = {4E4F898B-7283-4146-BE8F-E559FEEE8B35}
	EndGlobalSection
EndGlobal
